
Microsoft Visual Studio Solution File, Format Version 12.00
# Visual Studio Version 17
VisualStudioVersion = 17.0.32014.148
MinimumVisualStudioVersion = 10.0.40219.1
Project("{FAE04EC0-301F-11D3-BF4B-00C04F79EFBC}") = "Tic Tac Toe", "Tic Tac Toe\Tic Tac Toe.csproj", "{689E1375-8061-4A6C-A1F0-A0238699596F}"
EndProject
Global
	GlobalSection(SolutionConfigurationPlatforms) = preSolution
		Debug|Any CPU = Debug|Any CPU
		Release|Any CPU = Release|Any CPU
	EndGlobalSection
	GlobalSection(ProjectConfigurationPlatforms) = postSolution
		{689E1375-8061-4A6C-A1F0-A0238699596F}.Debug|Any CPU.ActiveCfg = Debug|Any CPU
		{689E1375-8061-4A6C-A1F0-A0238699596F}.Debug|Any CPU.Build.0 = Debug|Any CPU
		{689E1375-8061-4A6C-A1F0-A0238699596F}.Release|Any CPU.ActiveCfg = Release|Any CPU
		{689E1375-8061-4A6C-A1F0-A0238699596F}.Release|Any CPU.Build.0 = Release|Any CPU
	EndGlobalSection
	GlobalSection(SolutionProperties) = preSolution
		HideSolutionNode = FALSE
	EndGlobalSection
	GlobalSection(ExtensibilityGlobals) = postSolution
		SolutionGuid = {ABD39CD3-9B80-4F0A-9485-201547BCD6C8}
	EndGlobalSection
EndGlobal
