
Microsoft Visual Studio Solution File, Format Version 12.00
# Visual Studio Version 17
VisualStudioVersion = 17.0.31919.166
MinimumVisualStudioVersion = 10.0.40219.1
Project("{FAE04EC0-301F-11D3-BF4B-00C04F79EFBC}") = "Lab4", "Lab4\Lab4.csproj", "{0EE99408-1B43-4A10-8A5F-50F37DE00B99}"
EndProject
Global
	GlobalSection(SolutionConfigurationPlatforms) = preSolution
		Debug|Any CPU = Debug|Any CPU
		Release|Any CPU = Release|Any CPU
	EndGlobalSection
	GlobalSection(ProjectConfigurationPlatforms) = postSolution
		{0EE99408-1B43-4A10-8A5F-50F37DE00B99}.Debug|Any CPU.ActiveCfg = Debug|Any CPU
		{0EE99408-1B43-4A10-8A5F-50F37DE00B99}.Debug|Any CPU.Build.0 = Debug|Any CPU
		{0EE99408-1B43-4A10-8A5F-50F37DE00B99}.Release|Any CPU.ActiveCfg = Release|Any CPU
		{0EE99408-1B43-4A10-8A5F-50F37DE00B99}.Release|Any CPU.Build.0 = Release|Any CPU
	EndGlobalSection
	GlobalSection(SolutionProperties) = preSolution
		HideSolutionNode = FALSE
	EndGlobalSection
	GlobalSection(ExtensibilityGlobals) = postSolution
		SolutionGuid = {F977C60C-FFAB-4EDB-876D-35888DCC85C4}
	EndGlobalSection
EndGlobal
